
Microsoft Visual Studio Solution File, Format Version 12.00
# Visual Studio 2013
VisualStudioVersion = 12.0.31101.0
MinimumVisualStudioVersion = 10.0.40219.1
Project("{FAE04EC0-301F-11D3-BF4B-00C04F79EFBC}") = "WinfromControls", "WinfromControls\WinfromControls.csproj", "{CDB631AA-773C-42E5-AB1E-B84AF5496A67}"
EndProject
Project("{FAE04EC0-301F-11D3-BF4B-00C04F79EFBC}") = "Demo", "Demo\Demo.csproj", "{246FAC60-2EC0-418E-B597-C6D6BB844000}"
EndProject
Global
	GlobalSection(SolutionConfigurationPlatforms) = preSolution
		Debug|Any CPU = Debug|Any CPU
		Release|Any CPU = Release|Any CPU
	EndGlobalSection
	GlobalSection(ProjectConfigurationPlatforms) = postSolution
		{CDB631AA-773C-42E5-AB1E-B84AF5496A67}.Debug|Any CPU.ActiveCfg = Debug|Any CPU
		{CDB631AA-773C-42E5-AB1E-B84AF5496A67}.Debug|Any CPU.Build.0 = Debug|Any CPU
		{CDB631AA-773C-42E5-AB1E-B84AF5496A67}.Release|Any CPU.ActiveCfg = Release|Any CPU
		{CDB631AA-773C-42E5-AB1E-B84AF5496A67}.Release|Any CPU.Build.0 = Release|Any CPU
		{246FAC60-2EC0-418E-B597-C6D6BB844000}.Debug|Any CPU.ActiveCfg = Debug|Any CPU
		{246FAC60-2EC0-418E-B597-C6D6BB844000}.Debug|Any CPU.Build.0 = Debug|Any CPU
		{246FAC60-2EC0-418E-B597-C6D6BB844000}.Release|Any CPU.ActiveCfg = Release|Any CPU
		{246FAC60-2EC0-418E-B597-C6D6BB844000}.Release|Any CPU.Build.0 = Release|Any CPU
	EndGlobalSection
	GlobalSection(SolutionProperties) = preSolution
		HideSolutionNode = FALSE
	EndGlobalSection
EndGlobal
